github.com/eapache/go-resiliency v1.3.0 h1:RRL0nge+cWGlxXbUzJ7yMcq6w2XBEr19dCN6HECGaT0=
github.com/eapache/go-resiliency v1.3.0/go.mod h1:5yPzW0MIvSe0JDsv0v+DvcjEv2FyD6iZYSs1ZI+iQho=
github.com/eapache/queue v1.1.0 h1:YOEu7KNc61ntiQlcEeUIoDTJ2o8mQznoNvUhiigpIqc=
github.com/eapache/queue v1.1.0/go.mod h1:6eCeP0CKFpHLu8blIFXhExK/dRa7WDZfr6jVFPTqq+I=
