github.com/YReshetko/go-annotation v0.0.7 h1:dvopHvPxIRma0kVNHV35m4m6w2PBqbwXs18zIOlQzzI=
github.com/YReshetko/go-annotation v0.0.7/go.mod h1:iyuHDJ3kPZMtQ3A0Ubm2CXLgqZxTo38sY7VL+B9HvrA=
github.com/YReshetko/go-annotation/annotations/rest v0.0.8 h1:n7vkeqgii3rvD2IHMg+CIo835oW92nE5Fgk2Ebq0Q7o=
github.com/YReshetko/go-annotation/annotations/rest v0.0.8/go.mod h1:Iil3RW6O/iP8+jJaxe26W+Zd6ZekVnlFpclRd69nFj0=
github.com/YReshetko/interview-tasks v0.0.0-20220620123607-18073613b381 h1:Mw++BB7DHr+S03LkScDNrhQHgWeCyXuhtPjQidTl2OU=
github.com/YReshetko/interview-tasks v0.0.0-20220620123607-18073613b381/go.mod h1:BgVEMLm/9Hb3Rx6ws7qXsl/wCCOLrD1QCXRn6ph3g+4=
github.com/davecgh/go-spew v1.1.0 h1:ZDRjVQ15GmhC3fiQ8ni8+OwkZQO4DARzQgrnXU1Liz8=
github.com/pmezard/go-difflib v1.0.0 h1:4DBwDE0NGyQoBHbLQYPwSUPoCMWR5BEzIk/f1lZbAQM=
github.com/stretchr/testify v1.7.1 h1:5TQK59W5E3v0r2duFAb7P95B6hEeOyEnHRa8MjYSMTY=
gopkg.in/yaml.v3 v3.0.0-20200313102051-9f266ea9e77c h1:dUUwHk2QECo/6vqA44rthZ8ie2QXMNeKRTHCNY2nXvo=
